
Microsoft Visual Studio Solution File, Format Version 12.00
# Visual Studio Version 16
Project("{8BC9CEB8-8B4A-11D0-8D11-00A0C91BC942}") = "ALL_BUILD", "ALL_BUILD.vcxproj", "{05962756-9432-3DE6-A5CC-A51AF0BE0EB3}"
	ProjectSection(ProjectDependencies) = postProject
		{00EF9A55-4684-34DD-94C0-0395C238F4E6} = {00EF9A55-4684-34DD-94C0-0395C238F4E6}
		{BDEFF9DF-7FF7-3CA8-B4EE-B08CC200424F} = {BDEFF9DF-7FF7-3CA8-B4EE-B08CC200424F}
		{8A06F349-87B5-3861-8D23-4D0BB3E3E0AF} = {8A06F349-87B5-3861-8D23-4D0BB3E3E0AF}
		{C37A4895-81CC-3DDB-AC67-E98CF4F29D67} = {C37A4895-81CC-3DDB-AC67-E98CF4F29D67}
		{DBADE730-71AC-3ADD-B573-B93009F44C10} = {DBADE730-71AC-3ADD-B573-B93009F44C10}
	EndProjectSection
EndProject
Project("{8BC9CEB8-8B4A-11D0-8D11-00A0C91BC942}") = "RUN_TESTS", "RUN_TESTS.vcxproj", "{649E9906-79DC-30D8-92EE-C9608EDA68C4}"
	ProjectSection(ProjectDependencies) = postProject
		{00EF9A55-4684-34DD-94C0-0395C238F4E6} = {00EF9A55-4684-34DD-94C0-0395C238F4E6}
	EndProjectSection
EndProject
Project("{8BC9CEB8-8B4A-11D0-8D11-00A0C91BC942}") = "ZERO_CHECK", "ZERO_CHECK.vcxproj", "{00EF9A55-4684-34DD-94C0-0395C238F4E6}"
	ProjectSection(ProjectDependencies) = postProject
	EndProjectSection
EndProject
Project("{8BC9CEB8-8B4A-11D0-8D11-00A0C91BC942}") = "compare", "compare.vcxproj", "{BDEFF9DF-7FF7-3CA8-B4EE-B08CC200424F}"
	ProjectSection(ProjectDependencies) = postProject
		{00EF9A55-4684-34DD-94C0-0395C238F4E6} = {00EF9A55-4684-34DD-94C0-0395C238F4E6}
		{C37A4895-81CC-3DDB-AC67-E98CF4F29D67} = {C37A4895-81CC-3DDB-AC67-E98CF4F29D67}
	EndProjectSection
EndProject
Project("{8BC9CEB8-8B4A-11D0-8D11-00A0C91BC942}") = "fillregion", "fillregion.vcxproj", "{8A06F349-87B5-3861-8D23-4D0BB3E3E0AF}"
	ProjectSection(ProjectDependencies) = postProject
		{00EF9A55-4684-34DD-94C0-0395C238F4E6} = {00EF9A55-4684-34DD-94C0-0395C238F4E6}
		{C37A4895-81CC-3DDB-AC67-E98CF4F29D67} = {C37A4895-81CC-3DDB-AC67-E98CF4F29D67}
	EndProjectSection
EndProject
Project("{8BC9CEB8-8B4A-11D0-8D11-00A0C91BC942}") = "image", "lib\image.vcxproj", "{C37A4895-81CC-3DDB-AC67-E98CF4F29D67}"
	ProjectSection(ProjectDependencies) = postProject
		{00EF9A55-4684-34DD-94C0-0395C238F4E6} = {00EF9A55-4684-34DD-94C0-0395C238F4E6}
	EndProjectSection
EndProject
Project("{8BC9CEB8-8B4A-11D0-8D11-00A0C91BC942}") = "student-tests", "student-tests.vcxproj", "{DBADE730-71AC-3ADD-B573-B93009F44C10}"
	ProjectSection(ProjectDependencies) = postProject
		{00EF9A55-4684-34DD-94C0-0395C238F4E6} = {00EF9A55-4684-34DD-94C0-0395C238F4E6}
		{C37A4895-81CC-3DDB-AC67-E98CF4F29D67} = {C37A4895-81CC-3DDB-AC67-E98CF4F29D67}
	EndProjectSection
EndProject
Project("{8BC9CEB8-8B4A-11D0-8D11-00A0C91BC942}") = "submission", "submission.vcxproj", "{C321C0F0-93A3-3BAA-B5A3-77E786F6A062}"
	ProjectSection(ProjectDependencies) = postProject
		{00EF9A55-4684-34DD-94C0-0395C238F4E6} = {00EF9A55-4684-34DD-94C0-0395C238F4E6}
	EndProjectSection
EndProject
Global
	GlobalSection(SolutionConfigurationPlatforms) = preSolution
		Debug|x64 = Debug|x64
		Release|x64 = Release|x64
		MinSizeRel|x64 = MinSizeRel|x64
		RelWithDebInfo|x64 = RelWithDebInfo|x64
	EndGlobalSection
	GlobalSection(ProjectConfigurationPlatforms) = postSolution
		{05962756-9432-3DE6-A5CC-A51AF0BE0EB3}.Debug|x64.ActiveCfg = Debug|x64
		{05962756-9432-3DE6-A5CC-A51AF0BE0EB3}.Release|x64.ActiveCfg = Release|x64
		{05962756-9432-3DE6-A5CC-A51AF0BE0EB3}.MinSizeRel|x64.ActiveCfg = MinSizeRel|x64
		{05962756-9432-3DE6-A5CC-A51AF0BE0EB3}.RelWithDebInfo|x64.ActiveCfg = RelWithDebInfo|x64
		{649E9906-79DC-30D8-92EE-C9608EDA68C4}.Debug|x64.ActiveCfg = Debug|x64
		{649E9906-79DC-30D8-92EE-C9608EDA68C4}.Release|x64.ActiveCfg = Release|x64
		{649E9906-79DC-30D8-92EE-C9608EDA68C4}.MinSizeRel|x64.ActiveCfg = MinSizeRel|x64
		{649E9906-79DC-30D8-92EE-C9608EDA68C4}.RelWithDebInfo|x64.ActiveCfg = RelWithDebInfo|x64
		{00EF9A55-4684-34DD-94C0-0395C238F4E6}.Debug|x64.ActiveCfg = Debug|x64
		{00EF9A55-4684-34DD-94C0-0395C238F4E6}.Debug|x64.Build.0 = Debug|x64
		{00EF9A55-4684-34DD-94C0-0395C238F4E6}.Release|x64.ActiveCfg = Release|x64
		{00EF9A55-4684-34DD-94C0-0395C238F4E6}.Release|x64.Build.0 = Release|x64
		{00EF9A55-4684-34DD-94C0-0395C238F4E6}.MinSizeRel|x64.ActiveCfg = MinSizeRel|x64
		{00EF9A55-4684-34DD-94C0-0395C238F4E6}.MinSizeRel|x64.Build.0 = MinSizeRel|x64
		{00EF9A55-4684-34DD-94C0-0395C238F4E6}.RelWithDebInfo|x64.ActiveCfg = RelWithDebInfo|x64
		{00EF9A55-4684-34DD-94C0-0395C238F4E6}.RelWithDebInfo|x64.Build.0 = RelWithDebInfo|x64
		{BDEFF9DF-7FF7-3CA8-B4EE-B08CC200424F}.Debug|x64.ActiveCfg = Debug|x64
		{BDEFF9DF-7FF7-3CA8-B4EE-B08CC200424F}.Debug|x64.Build.0 = Debug|x64
		{BDEFF9DF-7FF7-3CA8-B4EE-B08CC200424F}.Release|x64.ActiveCfg = Release|x64
		{BDEFF9DF-7FF7-3CA8-B4EE-B08CC200424F}.Release|x64.Build.0 = Release|x64
		{BDEFF9DF-7FF7-3CA8-B4EE-B08CC200424F}.MinSizeRel|x64.ActiveCfg = MinSizeRel|x64
		{BDEFF9DF-7FF7-3CA8-B4EE-B08CC200424F}.MinSizeRel|x64.Build.0 = MinSizeRel|x64
		{BDEFF9DF-7FF7-3CA8-B4EE-B08CC200424F}.RelWithDebInfo|x64.ActiveCfg = RelWithDebInfo|x64
		{BDEFF9DF-7FF7-3CA8-B4EE-B08CC200424F}.RelWithDebInfo|x64.Build.0 = RelWithDebInfo|x64
		{8A06F349-87B5-3861-8D23-4D0BB3E3E0AF}.Debug|x64.ActiveCfg = Debug|x64
		{8A06F349-87B5-3861-8D23-4D0BB3E3E0AF}.Debug|x64.Build.0 = Debug|x64
		{8A06F349-87B5-3861-8D23-4D0BB3E3E0AF}.Release|x64.ActiveCfg = Release|x64
		{8A06F349-87B5-3861-8D23-4D0BB3E3E0AF}.Release|x64.Build.0 = Release|x64
		{8A06F349-87B5-3861-8D23-4D0BB3E3E0AF}.MinSizeRel|x64.ActiveCfg = MinSizeRel|x64
		{8A06F349-87B5-3861-8D23-4D0BB3E3E0AF}.MinSizeRel|x64.Build.0 = MinSizeRel|x64
		{8A06F349-87B5-3861-8D23-4D0BB3E3E0AF}.RelWithDebInfo|x64.ActiveCfg = RelWithDebInfo|x64
		{8A06F349-87B5-3861-8D23-4D0BB3E3E0AF}.RelWithDebInfo|x64.Build.0 = RelWithDebInfo|x64
		{C37A4895-81CC-3DDB-AC67-E98CF4F29D67}.Debug|x64.ActiveCfg = Debug|x64
		{C37A4895-81CC-3DDB-AC67-E98CF4F29D67}.Debug|x64.Build.0 = Debug|x64
		{C37A4895-81CC-3DDB-AC67-E98CF4F29D67}.Release|x64.ActiveCfg = Release|x64
		{C37A4895-81CC-3DDB-AC67-E98CF4F29D67}.Release|x64.Build.0 = Release|x64
		{C37A4895-81CC-3DDB-AC67-E98CF4F29D67}.MinSizeRel|x64.ActiveCfg = MinSizeRel|x64
		{C37A4895-81CC-3DDB-AC67-E98CF4F29D67}.MinSizeRel|x64.Build.0 = MinSizeRel|x64
		{C37A4895-81CC-3DDB-AC67-E98CF4F29D67}.RelWithDebInfo|x64.ActiveCfg = RelWithDebInfo|x64
		{C37A4895-81CC-3DDB-AC67-E98CF4F29D67}.RelWithDebInfo|x64.Build.0 = RelWithDebInfo|x64
		{DBADE730-71AC-3ADD-B573-B93009F44C10}.Debug|x64.ActiveCfg = Debug|x64
		{DBADE730-71AC-3ADD-B573-B93009F44C10}.Debug|x64.Build.0 = Debug|x64
		{DBADE730-71AC-3ADD-B573-B93009F44C10}.Release|x64.ActiveCfg = Release|x64
		{DBADE730-71AC-3ADD-B573-B93009F44C10}.Release|x64.Build.0 = Release|x64
		{DBADE730-71AC-3ADD-B573-B93009F44C10}.MinSizeRel|x64.ActiveCfg = MinSizeRel|x64
		{DBADE730-71AC-3ADD-B573-B93009F44C10}.MinSizeRel|x64.Build.0 = MinSizeRel|x64
		{DBADE730-71AC-3ADD-B573-B93009F44C10}.RelWithDebInfo|x64.ActiveCfg = RelWithDebInfo|x64
		{DBADE730-71AC-3ADD-B573-B93009F44C10}.RelWithDebInfo|x64.Build.0 = RelWithDebInfo|x64
		{C321C0F0-93A3-3BAA-B5A3-77E786F6A062}.Debug|x64.ActiveCfg = Debug|x64
		{C321C0F0-93A3-3BAA-B5A3-77E786F6A062}.Release|x64.ActiveCfg = Release|x64
		{C321C0F0-93A3-3BAA-B5A3-77E786F6A062}.MinSizeRel|x64.ActiveCfg = MinSizeRel|x64
		{C321C0F0-93A3-3BAA-B5A3-77E786F6A062}.RelWithDebInfo|x64.ActiveCfg = RelWithDebInfo|x64
	EndGlobalSection
	GlobalSection(ExtensibilityGlobals) = postSolution
		SolutionGuid = {8FC2F711-CB91-3400-90B5-31FA56B21FA0}
	EndGlobalSection
	GlobalSection(ExtensibilityAddIns) = postSolution
	EndGlobalSection
EndGlobal
